github.com/SsSJKK/bank v1.0.0 h1:34pngX2Z4hYCMkPT3euSL4UUKQ1cXiWpB/gkT/AsIaw=
github.com/SsSJKK/bank v1.0.0/go.mod h1:r3gE/mUn9aXzb/y/LzSFe7Or2spVPunUAQ+LMak1liE=
github.com/SsSJKK/bank/v2 v2.0.0 h1:vRxrcN13LO3iTvq9Pyi1HMTjil12RLqvC7a27TQafBc=
github.com/SsSJKK/bank/v2 v2.0.0/go.mod h1:PSp7xXvHJz93UPvYAzha//ha45PrXKWv3T7zhW2kB8k=
